
Microsoft Visual Studio Solution File, Format Version 12.00
# Visual Studio Version 17
VisualStudioVersion = 17.9.34728.123
MinimumVisualStudioVersion = 10.0.40219.1
Project("{FAE04EC0-301F-11D3-BF4B-00C04F79EFBC}") = "vcvj", "vcvj\vcvj.csproj", "{4C38EDD5-04F2-407E-ABF7-2DEE35FC1C4C}"
EndProject
Project("{FAE04EC0-301F-11D3-BF4B-00C04F79EFBC}") = "vcvj.Tests", "vcvj.Tests\vcvj.Tests.csproj", "{6D4E5090-DA40-41B0-B788-3B6D6C6CC0EF}"
EndProject
Global
	GlobalSection(SolutionConfigurationPlatforms) = preSolution
		Debug|Any CPU = Debug|Any CPU
		Release|Any CPU = Release|Any CPU
	EndGlobalSection
	GlobalSection(ProjectConfigurationPlatforms) = postSolution
		{4C38EDD5-04F2-407E-ABF7-2DEE35FC1C4C}.Debug|Any CPU.ActiveCfg = Debug|Any CPU
		{4C38EDD5-04F2-407E-ABF7-2DEE35FC1C4C}.Debug|Any CPU.Build.0 = Debug|Any CPU
		{4C38EDD5-04F2-407E-ABF7-2DEE35FC1C4C}.Release|Any CPU.ActiveCfg = Release|Any CPU
		{4C38EDD5-04F2-407E-ABF7-2DEE35FC1C4C}.Release|Any CPU.Build.0 = Release|Any CPU
		{6D4E5090-DA40-41B0-B788-3B6D6C6CC0EF}.Debug|Any CPU.ActiveCfg = Debug|Any CPU
		{6D4E5090-DA40-41B0-B788-3B6D6C6CC0EF}.Debug|Any CPU.Build.0 = Debug|Any CPU
		{6D4E5090-DA40-41B0-B788-3B6D6C6CC0EF}.Release|Any CPU.ActiveCfg = Release|Any CPU
		{6D4E5090-DA40-41B0-B788-3B6D6C6CC0EF}.Release|Any CPU.Build.0 = Release|Any CPU
	EndGlobalSection
	GlobalSection(SolutionProperties) = preSolution
		HideSolutionNode = FALSE
	EndGlobalSection
	GlobalSection(ExtensibilityGlobals) = postSolution
		SolutionGuid = {F18DC372-3533-4D70-B446-7B20BE3150DA}
	EndGlobalSection
EndGlobal
